
Microsoft Visual Studio Solution File, Format Version 12.00
# Visual Studio Version 16
VisualStudioVersion = 16.0.31410.357
MinimumVisualStudioVersion = 10.0.40219.1
Project("{2150E333-8FDC-42A3-9474-1A3956D46DE8}") = "Tutorial-One", "Tutorial-One", "{AC309434-40AD-41F5-89F0-0D2B7193FA6A}"
EndProject
Project("{FAE04EC0-301F-11D3-BF4B-00C04F79EFBC}") = "IdentityTutorial.Tutorial-One", "Tutorial-One\IdentityTutorial.Tutorial-One\IdentityTutorial.Tutorial-One.csproj", "{D2ACF9B1-FD5D-4277-A386-32E59C834BD3}"
EndProject
Global
	GlobalSection(SolutionConfigurationPlatforms) = preSolution
		Debug|Any CPU = Debug|Any CPU
		Release|Any CPU = Release|Any CPU
	EndGlobalSection
	GlobalSection(ProjectConfigurationPlatforms) = postSolution
		{D2ACF9B1-FD5D-4277-A386-32E59C834BD3}.Debug|Any CPU.ActiveCfg = Debug|Any CPU
		{D2ACF9B1-FD5D-4277-A386-32E59C834BD3}.Debug|Any CPU.Build.0 = Debug|Any CPU
		{D2ACF9B1-FD5D-4277-A386-32E59C834BD3}.Release|Any CPU.ActiveCfg = Release|Any CPU
		{D2ACF9B1-FD5D-4277-A386-32E59C834BD3}.Release|Any CPU.Build.0 = Release|Any CPU
	EndGlobalSection
	GlobalSection(SolutionProperties) = preSolution
		HideSolutionNode = FALSE
	EndGlobalSection
	GlobalSection(NestedProjects) = preSolution
		{D2ACF9B1-FD5D-4277-A386-32E59C834BD3} = {AC309434-40AD-41F5-89F0-0D2B7193FA6A}
	EndGlobalSection
	GlobalSection(ExtensibilityGlobals) = postSolution
		SolutionGuid = {F5E3E83B-74FB-4B6D-9EFE-221BB3ABA7EB}
	EndGlobalSection
EndGlobal
